// !$*UTF8*$!
{
	archiveVersion = 1;
	classes = {
	};
	objectVersion = 50;
	objects = {

/* Begin PBXBuildFile section */
		4F4F646D212203BC00D4FAB2 /* AppDelegate.swift in Sources */ = {isa = PBXBuildFile; fileRef = 4F4F646C212203BC00D4FAB2 /* AppDelegate.swift */; };
		4F4F646F212203BC00D4FAB2 /* ViewController.swift in Sources */ = {isa = PBXBuildFile; fileRef = 4F4F646E212203BC00D4FAB2 /* ViewController.swift */; };
		4F4F6472212203BC00D4FAB2 /* Main.storyboard in Resources */ = {isa = PBXBuildFile; fileRef = 4F4F6470212203BC00D4FAB2 /* Main.storyboard */; };
		4F4F6475212203BC00D4FAB2 /* Simple_Sudoku.xcdatamodeld in Sources */ = {isa = PBXBuildFile; fileRef = 4F4F6473212203BC00D4FAB2 /* Simple_Sudoku.xcdatamodeld */; };
		4F4F6477212203C700D4FAB2 /* Assets.xcassets in Resources */ = {isa = PBXBuildFile; fileRef = 4F4F6476212203C700D4FAB2 /* Assets.xcassets */; };
		4F4F647A212203C700D4FAB2 /* LaunchScreen.storyboard in Resources */ = {isa = PBXBuildFile; fileRef = 4F4F6478212203C700D4FAB2 /* LaunchScreen.storyboard */; };
		4F4F6485212203C700D4FAB2 /* Simple_SudokuTests.swift in Sources */ = {isa = PBXBuildFile; fileRef = 4F4F6484212203C700D4FAB2 /* Simple_SudokuTests.swift */; };
		4F4F6490212203C700D4FAB2 /* Simple_SudokuUITests.swift in Sources */ = {isa = PBXBuildFile; fileRef = 4F4F648F212203C700D4FAB2 /* Simple_SudokuUITests.swift */; };
/* End PBXBuildFile section */

/* Begin PBXContainerItemProxy section */
		4F4F6481212203C700D4FAB2 /* PBXContainerItemProxy */ = {
			isa = PBXContainerItemProxy;
			containerPortal = 4F4F6461212203BC00D4FAB2 /* Project object */;
			proxyType = 1;
			remoteGlobalIDString = 4F4F6468212203BC00D4FAB2;
			remoteInfo = "Simple Sudoku";
		};
		4F4F648C212203C700D4FAB2 /* PBXContainerItemProxy */ = {
			isa = PBXContainerItemProxy;
			containerPortal = 4F4F6461212203BC00D4FAB2 /* Project object */;
			proxyType = 1;
			remoteGlobalIDString = 4F4F6468212203BC00D4FAB2;
			remoteInfo = "Simple Sudoku";
		};
/* End PBXContainerItemProxy section */

/* Begin PBXFileReference section */
		4F4F6469212203BC00D4FAB2 /* Simple Sudoku.app */ = {isa = PBXFileReference; explicitFileType = wrapper.application; includeInIndex = 0; path = "Simple Sudoku.app"; sourceTree = BUILT_PRODUCTS_DIR; };
		4F4F646C212203BC00D4FAB2 /* AppDelegate.swift */ = {isa = PBXFileReference; lastKnownFileType = sourcecode.swift; path = AppDelegate.swift; sourceTree = "<group>"; };
		4F4F646E212203BC00D4FAB2 /* ViewController.swift */ = {isa = PBXFileReference; lastKnownFileType = sourcecode.swift; path = ViewController.swift; sourceTree = "<group>"; };
		4F4F6471212203BC00D4FAB2 /* Base */ = {isa = PBXFileReference; lastKnownFileType = file.storyboard; name = Base; path = Base.lproj/Main.storyboard; sourceTree = "<group>"; };
		4F4F6474212203BC00D4FAB2 /* Simple_Sudoku.xcdatamodel */ = {isa = PBXFileReference; lastKnownFileType = wrapper.xcdatamodel; path = Simple_Sudoku.xcdatamodel; sourceTree = "<group>"; };
		4F4F6476212203C700D4FAB2 /* Assets.xcassets */ = {isa = PBXFileReference; lastKnownFileType = folder.assetcatalog; path = Assets.xcassets; sourceTree = "<group>"; };
		4F4F6479212203C700D4FAB2 /* Base */ = {isa = PBXFileReference; lastKnownFileType = file.storyboard; name = Base; path = Base.lproj/LaunchScreen.storyboard; sourceTree = "<group>"; };
		4F4F647B212203C700D4FAB2 /* Info.plist */ = {isa = PBXFileReference; lastKnownFileType = text.plist.xml; path = Info.plist; sourceTree = "<group>"; };
		4F4F6480212203C700D4FAB2 /* Simple SudokuTests.xctest */ = {isa = PBXFileReference; explicitFileType = wrapper.cfbundle; includeInIndex = 0; path = "Simple SudokuTests.xctest"; sourceTree = BUILT_PRODUCTS_DIR; };
		4F4F6484212203C700D4FAB2 /* Simple_SudokuTests.swift */ = {isa = PBXFileReference; lastKnownFileType = sourcecode.swift; path = Simple_SudokuTests.swift; sourceTree = "<group>"; };
		4F4F6486212203C700D4FAB2 /* Info.plist */ = {isa = PBXFileReference; lastKnownFileType = text.plist.xml; path = Info.plist; sourceTree = "<group>"; };
		4F4F648B212203C700D4FAB2 /* Simple SudokuUITests.xctest */ = {isa = PBXFileReference; explicitFileType = wrapper.cfbundle; includeInIndex = 0; path = "Simple SudokuUITests.xctest"; sourceTree = BUILT_PRODUCTS_DIR; };
		4F4F648F212203C700D4FAB2 /* Simple_SudokuUITests.swift */ = {isa = PBXFileReference; lastKnownFileType = sourcecode.swift; path = Simple_SudokuUITests.swift; sourceTree = "<group>"; };
		4F4F6491212203C700D4FAB2 /* Info.plist */ = {isa = PBXFileReference; lastKnownFileType = text.plist.xml; path = Info.plist; sourceTree = "<group>"; };
/* End PBXFileReference section */

/* Begin PBXFrameworksBuildPhase section */
		4F4F6466212203BC00D4FAB2 /* Frameworks */ = {
			isa = PBXFrameworksBuildPhase;
			buildActionMask = 2147483647;
			files = (
			);
			runOnlyForDeploymentPostprocessing = 0;
		};
		4F4F647D212203C700D4FAB2 /* Frameworks */ = {
			isa = PBXFrameworksBuildPhase;
			buildActionMask = 2147483647;
			files = (
			);
			runOnlyForDeploymentPostprocessing = 0;
		};
		4F4F6488212203C700D4FAB2 /* Frameworks */ = {
			isa = PBXFrameworksBuildPhase;
			buildActionMask = 2147483647;
			files = (
			);
			runOnlyForDeploymentPostprocessing = 0;
		};
/* End PBXFrameworksBuildPhase section */

/* Begin PBXGroup section */
		4F4F6460212203BC00D4FAB2 = {
			isa = PBXGroup;
			children = (
				4F4F646B212203BC00D4FAB2 /* Simple Sudoku */,
				4F4F6483212203C700D4FAB2 /* Simple SudokuTests */,
				4F4F648E212203C700D4FAB2 /* Simple SudokuUITests */,
				4F4F646A212203BC00D4FAB2 /* Products */,
			);
			sourceTree = "<group>";
		};
		4F4F646A212203BC00D4FAB2 /* Products */ = {
			isa = PBXGroup;
			children = (
				4F4F6469212203BC00D4FAB2 /* Simple Sudoku.app */,
				4F4F6480212203C700D4FAB2 /* Simple SudokuTests.xctest */,
				4F4F648B212203C700D4FAB2 /* Simple SudokuUITests.xctest */,
			);
			name = Products;
			sourceTree = "<group>";
		};
		4F4F646B212203BC00D4FAB2 /* Simple Sudoku */ = {
			isa = PBXGroup;
			children = (
				4F4F646C212203BC00D4FAB2 /* AppDelegate.swift */,
				4F4F646E212203BC00D4FAB2 /* ViewController.swift */,
				4F4F6470212203BC00D4FAB2 /* Main.storyboard */,
				4F4F6476212203C700D4FAB2 /* Assets.xcassets */,
				4F4F6478212203C700D4FAB2 /* LaunchScreen.storyboard */,
				4F4F647B212203C700D4FAB2 /* Info.plist */,
				4F4F6473212203BC00D4FAB2 /* Simple_Sudoku.xcdatamodeld */,
			);
			path = "Simple Sudoku";
			sourceTree = "<group>";
		};
		4F4F6483212203C700D4FAB2 /* Simple SudokuTests */ = {
			isa = PBXGroup;
			children = (
				4F4F6484212203C700D4FAB2 /* Simple_SudokuTests.swift */,
				4F4F6486212203C700D4FAB2 /* Info.plist */,
			);
			path = "Simple SudokuTests";
			sourceTree = "<group>";
		};
		4F4F648E212203C700D4FAB2 /* Simple SudokuUITests */ = {
			isa = PBXGroup;
			children = (
				4F4F648F212203C700D4FAB2 /* Simple_SudokuUITests.swift */,
				4F4F6491212203C700D4FAB2 /* Info.plist */,
			);
			path = "Simple SudokuUITests";
			sourceTree = "<group>";
		};
/* End PBXGroup section */

/* Begin PBXNativeTarget section */
		4F4F6468212203BC00D4FAB2 /* Simple Sudoku */ = {
			isa = PBXNativeTarget;
			buildConfigurationList = 4F4F6494212203C700D4FAB2 /* Build configuration list for PBXNativeTarget "Simple Sudoku" */;
			buildPhases = (
				4F4F6465212203BC00D4FAB2 /* Sources */,
				4F4F6466212203BC00D4FAB2 /* Frameworks */,
				4F4F6467212203BC00D4FAB2 /* Resources */,
			);
			buildRules = (
			);
			dependencies = (
			);
			name = "Simple Sudoku";
			productName = "Simple Sudoku";
			productReference = 4F4F6469212203BC00D4FAB2 /* Simple Sudoku.app */;
			productType = "com.apple.product-type.application";
		};
		4F4F647F212203C700D4FAB2 /* Simple SudokuTests */ = {
			isa = PBXNativeTarget;
			buildConfigurationList = 4F4F6497212203C700D4FAB2 /* Build configuration list for PBXNativeTarget "Simple SudokuTests" */;
			buildPhases = (
				4F4F647C212203C700D4FAB2 /* Sources */,
				4F4F647D212203C700D4FAB2 /* Frameworks */,
				4F4F647E212203C700D4FAB2 /* Resources */,
			);
			buildRules = (
			);
			dependencies = (
				4F4F6482212203C700D4FAB2 /* PBXTargetDependency */,
			);
			name = "Simple SudokuTests";
			productName = "Simple SudokuTests";
			productReference = 4F4F6480212203C700D4FAB2 /* Simple SudokuTests.xctest */;
			productType = "com.apple.product-type.bundle.unit-test";
		};
		4F4F648A212203C700D4FAB2 /* Simple SudokuUITests */ = {
			isa = PBXNativeTarget;
			buildConfigurationList = 4F4F649A212203C700D4FAB2 /* Build configuration list for PBXNativeTarget "Simple SudokuUITests" */;
			buildPhases = (
				4F4F6487212203C700D4FAB2 /* Sources */,
				4F4F6488212203C700D4FAB2 /* Frameworks */,
				4F4F6489212203C700D4FAB2 /* Resources */,
			);
			buildRules = (
			);
			dependencies = (
				4F4F648D212203C700D4FAB2 /* PBXTargetDependency */,
			);
			name = "Simple SudokuUITests";
			productName = "Simple SudokuUITests";
			productReference = 4F4F648B212203C700D4FAB2 /* Simple SudokuUITests.xctest */;
			productType = "com.apple.product-type.bundle.ui-testing";
		};
/* End PBXNativeTarget section */

/* Begin PBXProject section */
		4F4F6461212203BC00D4FAB2 /* Project object */ = {
			isa = PBXProject;
			attributes = {
				LastSwiftUpdateCheck = 0940;
				LastUpgradeCheck = 0940;
				ORGANIZATIONNAME = mstwrtgames;
				TargetAttributes = {
					4F4F6468212203BC00D4FAB2 = {
						CreatedOnToolsVersion = 9.4.1;
					};
					4F4F647F212203C700D4FAB2 = {
						CreatedOnToolsVersion = 9.4.1;
						TestTargetID = 4F4F6468212203BC00D4FAB2;
					};
					4F4F648A212203C700D4FAB2 = {
						CreatedOnToolsVersion = 9.4.1;
						TestTargetID = 4F4F6468212203BC00D4FAB2;
					};
				};
			};
			buildConfigurationList = 4F4F6464212203BC00D4FAB2 /* Build configuration list for PBXProject "Simple Sudoku" */;
			compatibilityVersion = "Xcode 9.3";
			developmentRegion = en;
			hasScannedForEncodings = 0;
			knownRegions = (
				en,
				Base,
			);
			mainGroup = 4F4F6460212203BC00D4FAB2;
			productRefGroup = 4F4F646A212203BC00D4FAB2 /* Products */;
			projectDirPath = "";
			projectRoot = "";
			targets = (
				4F4F6468212203BC00D4FAB2 /* Simple Sudoku */,
				4F4F647F212203C700D4FAB2 /* Simple SudokuTests */,
				4F4F648A212203C700D4FAB2 /* Simple SudokuUITests */,
			);
		};
/* End PBXProject section */

/* Begin PBXResourcesBuildPhase section */
		4F4F6467212203BC00D4FAB2 /* Resources */ = {
			isa = PBXResourcesBuildPhase;
			buildActionMask = 2147483647;
			files = (
				4F4F647A212203C700D4FAB2 /* LaunchScreen.storyboard in Resources */,
				4F4F6477212203C700D4FAB2 /* Assets.xcassets in Resources */,
				4F4F6472212203BC00D4FAB2 /* Main.storyboard in Resources */,
			);
			runOnlyForDeploymentPostprocessing = 0;
		};
		4F4F647E212203C700D4FAB2 /* Resources */ = {
			isa = PBXResourcesBuildPhase;
			buildActionMask = 2147483647;
			files = (
			);
			runOnlyForDeploymentPostprocessing = 0;
		};
		4F4F6489212203C700D4FAB2 /* Resources */ = {
			isa = PBXResourcesBuildPhase;
			buildActionMask = 2147483647;
			files = (
			);
			runOnlyForDeploymentPostprocessing = 0;
		};
/* End PBXResourcesBuildPhase section */

/* Begin PBXSourcesBuildPhase section */
		4F4F6465212203BC00D4FAB2 /* Sources */ = {
			isa = PBXSourcesBuildPhase;
			buildActionMask = 2147483647;
			files = (
				4F4F646F212203BC00D4FAB2 /* ViewController.swift in Sources */,
				4F4F646D212203BC00D4FAB2 /* AppDelegate.swift in Sources */,
				4F4F6475212203BC00D4FAB2 /* Simple_Sudoku.xcdatamodeld in Sources */,
			);
			runOnlyForDeploymentPostprocessing = 0;
		};
		4F4F647C212203C700D4FAB2 /* Sources */ = {
			isa = PBXSourcesBuildPhase;
			buildActionMask = 2147483647;
			files = (
				4F4F6485212203C700D4FAB2 /* Simple_SudokuTests.swift in Sources */,
			);
			runOnlyForDeploymentPostprocessing = 0;
		};
		4F4F6487212203C700D4FAB2 /* Sources */ = {
			isa = PBXSourcesBuildPhase;
			buildActionMask = 2147483647;
			files = (
				4F4F6490212203C700D4FAB2 /* Simple_SudokuUITests.swift in Sources */,
			);
			runOnlyForDeploymentPostprocessing = 0;
		};
/* End PBXSourcesBuildPhase section */

/* Begin PBXTargetDependency section */
		4F4F6482212203C700D4FAB2 /* PBXTargetDependency */ = {
			isa = PBXTargetDependency;
			target = 4F4F6468212203BC00D4FAB2 /* Simple Sudoku */;
			targetProxy = 4F4F6481212203C700D4FAB2 /* PBXContainerItemProxy */;
		};
		4F4F648D212203C700D4FAB2 /* PBXTargetDependency */ = {
			isa = PBXTargetDependency;
			target = 4F4F6468212203BC00D4FAB2 /* Simple Sudoku */;
			targetProxy = 4F4F648C212203C700D4FAB2 /* PBXContainerItemProxy */;
		};
/* End PBXTargetDependency section */

/* Begin PBXVariantGroup section */
		4F4F6470212203BC00D4FAB2 /* Main.storyboard */ = {
			isa = PBXVariantGroup;
			children = (
				4F4F6471212203BC00D4FAB2 /* Base */,
			);
			name = Main.storyboard;
			sourceTree = "<group>";
		};
		4F4F6478212203C700D4FAB2 /* LaunchScreen.storyboard */ = {
			isa = PBXVariantGroup;
			children = (
				4F4F6479212203C700D4FAB2 /* Base */,
			);
			name = LaunchScreen.storyboard;
			sourceTree = "<group>";
		};
/* End PBXVariantGroup section */

/* Begin XCBuildConfiguration section */
		4F4F6492212203C700D4FAB2 /* Debug */ = {
			isa = XCBuildConfiguration;
			buildSettings = {
				ALWAYS_SEARCH_USER_PATHS = NO;
				CLANG_ANALYZER_NONNULL = YES;
				CLANG_ANALYZER_NUMBER_OBJECT_CONVERSION = YES_AGGRESSIVE;
				CLANG_CXX_LANGUAGE_STANDARD = "gnu++14";
				CLANG_CXX_LIBRARY = "libc++";
				CLANG_ENABLE_MODULES = YES;
				CLANG_ENABLE_OBJC_ARC = YES;
				CLANG_ENABLE_OBJC_WEAK = YES;
				CLANG_WARN_BLOCK_CAPTURE_AUTORELEASING = YES;
				CLANG_WARN_BOOL_CONVERSION = YES;
				CLANG_WARN_COMMA = YES;
				CLANG_WARN_CONSTANT_CONVERSION = YES;
				CLANG_WARN_DEPRECATED_OBJC_IMPLEMENTATIONS = YES;
				CLANG_WARN_DIRECT_OBJC_ISA_USAGE = YES_ERROR;
				CLANG_WARN_DOCUMENTATION_COMMENTS = YES;
				CLANG_WARN_EMPTY_BODY = YES;
				CLANG_WARN_ENUM_CONVERSION = YES;
				CLANG_WARN_INFINITE_RECURSION = YES;
				CLANG_WARN_INT_CONVERSION = YES;
				CLANG_WARN_NON_LITERAL_NULL_CONVERSION = YES;
				CLANG_WARN_OBJC_IMPLICIT_RETAIN_SELF = YES;
				CLANG_WARN_OBJC_LITERAL_CONVERSION = YES;
				CLANG_WARN_OBJC_ROOT_CLASS = YES_ERROR;
				CLANG_WARN_RANGE_LOOP_ANALYSIS = YES;
				CLANG_WARN_STRICT_PROTOTYPES = YES;
				CLANG_WARN_SUSPICIOUS_MOVE = YES;
				CLANG_WARN_UNGUARDED_AVAILABILITY = YES_AGGRESSIVE;
				CLANG_WARN_UNREACHABLE_CODE = YES;
				CLANG_WARN__DUPLICATE_METHOD_MATCH = YES;
				CODE_SIGN_IDENTITY = "iPhone Developer";
				COPY_PHASE_STRIP = NO;
				DEBUG_INFORMATION_FORMAT = dwarf;
				ENABLE_STRICT_OBJC_MSGSEND = YES;
				ENABLE_TESTABILITY = YES;
				GCC_C_LANGUAGE_STANDARD = gnu11;
				GCC_DYNAMIC_NO_PIC = NO;
				GCC_NO_COMMON_BLOCKS = YES;
				GCC_OPTIMIZATION_LEVEL = 0;
				GCC_PREPROCESSOR_DEFINITIONS = (
					"DEBUG=1",
					"$(inherited)",
				);
				GCC_WARN_64_TO_32_BIT_CONVERSION = YES;
				GCC_WARN_ABOUT_RETURN_TYPE = YES_ERROR;
				GCC_WARN_UNDECLARED_SELECTOR = YES;
				GCC_WARN_UNINITIALIZED_AUTOS = YES_AGGRESSIVE;
				GCC_WARN_UNUSED_FUNCTION = YES;
				GCC_WARN_UNUSED_VARIABLE = YES;
				IPHONEOS_DEPLOYMENT_TARGET = 11.4;
				MTL_ENABLE_DEBUG_INFO = YES;
				ONLY_ACTIVE_ARCH = YES;
				SDKROOT = iphoneos;
				SWIFT_ACTIVE_COMPILATION_CONDITIONS = DEBUG;
				SWIFT_OPTIMIZATION_LEVEL = "-Onone";
			};
			name = Debug;
		};
		4F4F6493212203C700D4FAB2 /* Release */ = {
			isa = XCBuildConfiguration;
			buildSettings = {
				ALWAYS_SEARCH_USER_PATHS = NO;
				CLANG_ANALYZER_NONNULL = YES;
				CLANG_ANALYZER_NUMBER_OBJECT_CONVERSION = YES_AGGRESSIVE;
				CLANG_CXX_LANGUAGE_STANDARD = "gnu++14";
				CLANG_CXX_LIBRARY = "libc++";
				CLANG_ENABLE_MODULES = YES;
				CLANG_ENABLE_OBJC_ARC = YES;
				CLANG_ENABLE_OBJC_WEAK = YES;
				CLANG_WARN_BLOCK_CAPTURE_AUTORELEASING = YES;
				CLANG_WARN_BOOL_CONVERSION = YES;
				CLANG_WARN_COMMA = YES;
				CLANG_WARN_CONSTANT_CONVERSION = YES;
				CLANG_WARN_DEPRECATED_OBJC_IMPLEMENTATIONS = YES;
				CLANG_WARN_DIRECT_OBJC_ISA_USAGE = YES_ERROR;
				CLANG_WARN_DOCUMENTATION_COMMENTS = YES;
				CLANG_WARN_EMPTY_BODY = YES;
				CLANG_WARN_ENUM_CONVERSION = YES;
				CLANG_WARN_INFINITE_RECURSION = YES;
				CLANG_WARN_INT_CONVERSION = YES;
				CLANG_WARN_NON_LITERAL_NULL_CONVERSION = YES;
				CLANG_WARN_OBJC_IMPLICIT_RETAIN_SELF = YES;
				CLANG_WARN_OBJC_LITERAL_CONVERSION = YES;
				CLANG_WARN_OBJC_ROOT_CLASS = YES_ERROR;
				CLANG_WARN_RANGE_LOOP_ANALYSIS = YES;
				CLANG_WARN_STRICT_PROTOTYPES = YES;
				CLANG_WARN_SUSPICIOUS_MOVE = YES;
				CLANG_WARN_UNGUARDED_AVAILABILITY = YES_AGGRESSIVE;
				CLANG_WARN_UNREACHABLE_CODE = YES;
				CLANG_WARN__DUPLICATE_METHOD_MATCH = YES;
				CODE_SIGN_IDENTITY = "iPhone Developer";
				COPY_PHASE_STRIP = NO;
				DEBUG_INFORMATION_FORMAT = "dwarf-with-dsym";
				ENABLE_NS_ASSERTIONS = NO;
				ENABLE_STRICT_OBJC_MSGSEND = YES;
				GCC_C_LANGUAGE_STANDARD = gnu11;
				GCC_NO_COMMON_BLOCKS = YES;
				GCC_WARN_64_TO_32_BIT_CONVERSION = YES;
				GCC_WARN_ABOUT_RETURN_TYPE = YES_ERROR;
				GCC_WARN_UNDECLARED_SELECTOR = YES;
				GCC_WARN_UNINITIALIZED_AUTOS = YES_AGGRESSIVE;
				GCC_WARN_UNUSED_FUNCTION = YES;
				GCC_WARN_UNUSED_VARIABLE = YES;
				IPHONEOS_DEPLOYMENT_TARGET = 11.4;
				MTL_ENABLE_DEBUG_INFO = NO;
				SDKROOT = iphoneos;
				SWIFT_COMPILATION_MODE = wholemodule;
				SWIFT_OPTIMIZATION_LEVEL = "-O";
				VALIDATE_PRODUCT = YES;
			};
			name = Release;
		};
		4F4F6495212203C700D4FAB2 /* Debug */ = {
			isa = XCBuildConfiguration;
			buildSettings = {
				ASSETCATALOG_COMPILER_APPICON_NAME = AppIcon;
				CODE_SIGN_STYLE = Automatic;
				DEVELOPMENT_TEAM = 46ZZJSSG8T;
				INFOPLIST_FILE = "Simple Sudoku/Info.plist";
				LD_RUNPATH_SEARCH_PATHS = (
					"$(inherited)",
					"@executable_path/Frameworks",
				);
				PRODUCT_BUNDLE_IDENTIFIER = "-6ZZJSSG8T.Simple-Sudoku";
				PRODUCT_NAME = "$(TARGET_NAME)";
				SWIFT_VERSION = 4.0;
				TARGETED_DEVICE_FAMILY = "1,2";
			};
			name = Debug;
		};
		4F4F6496212203C700D4FAB2 /* Release */ = {
			isa = XCBuildConfiguration;
			buildSettings = {
				ASSETCATALOG_COMPILER_APPICON_NAME = AppIcon;
				CODE_SIGN_STYLE = Automatic;
				DEVELOPMENT_TEAM = 46ZZJSSG8T;
				INFOPLIST_FILE = "Simple Sudoku/Info.plist";
				LD_RUNPATH_SEARCH_PATHS = (
					"$(inherited)",
					"@executable_path/Frameworks",
				);
				PRODUCT_BUNDLE_IDENTIFIER = "-6ZZJSSG8T.Simple-Sudoku";
				PRODUCT_NAME = "$(TARGET_NAME)";
				SWIFT_VERSION = 4.0;
				TARGETED_DEVICE_FAMILY = "1,2";
			};
			name = Release;
		};
		4F4F6498212203C700D4FAB2 /* Debug */ = {
			isa = XCBuildConfiguration;
			buildSettings = {
				ALWAYS_EMBED_SWIFT_STANDARD_LIBRARIES = YES;
				BUNDLE_LOADER = "$(TEST_HOST)";
				CODE_SIGN_STYLE = Automatic;
				DEVELOPMENT_TEAM = 46ZZJSSG8T;
				INFOPLIST_FILE = "Simple SudokuTests/Info.plist";
				LD_RUNPATH_SEARCH_PATHS = (
					"$(inherited)",
					"@executable_path/Frameworks",
					"@loader_path/Frameworks",
				);
				PRODUCT_BUNDLE_IDENTIFIER = "-6ZZJSSG8T.Simple-SudokuTests";
				PRODUCT_NAME = "$(TARGET_NAME)";
				SWIFT_VERSION = 4.0;
				TARGETED_DEVICE_FAMILY = "1,2";
				TEST_HOST = "$(BUILT_PRODUCTS_DIR)/Simple Sudoku.app/Simple Sudoku";
			};
			name = Debug;
		};
		4F4F6499212203C700D4FAB2 /* Release */ = {
			isa = XCBuildConfiguration;
			buildSettings = {
				ALWAYS_EMBED_SWIFT_STANDARD_LIBRARIES = YES;
				BUNDLE_LOADER = "$(TEST_HOST)";
				CODE_SIGN_STYLE = Automatic;
				DEVELOPMENT_TEAM = 46ZZJSSG8T;
				INFOPLIST_FILE = "Simple SudokuTests/Info.plist";
				LD_RUNPATH_SEARCH_PATHS = (
					"$(inherited)",
					"@executable_path/Frameworks",
					"@loader_path/Frameworks",
				);
				PRODUCT_BUNDLE_IDENTIFIER = "-6ZZJSSG8T.Simple-SudokuTests";
				PRODUCT_NAME = "$(TARGET_NAME)";
				SWIFT_VERSION = 4.0;
				TARGETED_DEVICE_FAMILY = "1,2";
				TEST_HOST = "$(BUILT_PRODUCTS_DIR)/Simple Sudoku.app/Simple Sudoku";
			};
			name = Release;
		};
		4F4F649B212203C700D4FAB2 /* Debug */ = {
			isa = XCBuildConfiguration;
			buildSettings = {
				ALWAYS_EMBED_SWIFT_STANDARD_LIBRARIES = YES;
				CODE_SIGN_STYLE = Automatic;
				DEVELOPMENT_TEAM = 46ZZJSSG8T;
				INFOPLIST_FILE = "Simple SudokuUITests/Info.plist";
				LD_RUNPATH_SEARCH_PATHS = (
					"$(inherited)",
					"@executable_path/Frameworks",
					"@loader_path/Frameworks",
				);
				PRODUCT_BUNDLE_IDENTIFIER = "-6ZZJSSG8T.Simple-SudokuUITests";
				PRODUCT_NAME = "$(TARGET_NAME)";
				SWIFT_VERSION = 4.0;
				TARGETED_DEVICE_FAMILY = "1,2";
				TEST_TARGET_NAME = "Simple Sudoku";
			};
			name = Debug;
		};
		4F4F649C212203C700D4FAB2 /* Release */ = {
			isa = XCBuildConfiguration;
			buildSettings = {
				ALWAYS_EMBED_SWIFT_STANDARD_LIBRARIES = YES;
				CODE_SIGN_STYLE = Automatic;
				DEVELOPMENT_TEAM = 46ZZJSSG8T;
				INFOPLIST_FILE = "Simple SudokuUITests/Info.plist";
				LD_RUNPATH_SEARCH_PATHS = (
					"$(inherited)",
					"@executable_path/Frameworks",
					"@loader_path/Frameworks",
				);
				PRODUCT_BUNDLE_IDENTIFIER = "-6ZZJSSG8T.Simple-SudokuUITests";
				PRODUCT_NAME = "$(TARGET_NAME)";
				SWIFT_VERSION = 4.0;
				TARGETED_DEVICE_FAMILY = "1,2";
				TEST_TARGET_NAME = "Simple Sudoku";
			};
			name = Release;
		};
/* End XCBuildConfiguration section */

/* Begin XCConfigurationList section */
		4F4F6464212203BC00D4FAB2 /* Build configuration list for PBXProject "Simple Sudoku" */ = {
			isa = XCConfigurationList;
			buildConfigurations = (
				4F4F6492212203C700D4FAB2 /* Debug */,
				4F4F6493212203C700D4FAB2 /* Release */,
			);
			defaultConfigurationIsVisible = 0;
			defaultConfigurationName = Release;
		};
		4F4F6494212203C700D4FAB2 /* Build configuration list for PBXNativeTarget "Simple Sudoku" */ = {
			isa = XCConfigurationList;
			buildConfigurations = (
				4F4F6495212203C700D4FAB2 /* Debug */,
				4F4F6496212203C700D4FAB2 /* Release */,
			);
			defaultConfigurationIsVisible = 0;
			defaultConfigurationName = Release;
		};
		4F4F6497212203C700D4FAB2 /* Build configuration list for PBXNativeTarget "Simple SudokuTests" */ = {
			isa = XCConfigurationList;
			buildConfigurations = (
				4F4F6498212203C700D4FAB2 /* Debug */,
				4F4F6499212203C700D4FAB2 /* Release */,
			);
			defaultConfigurationIsVisible = 0;
			defaultConfigurationName = Release;
		};
		4F4F649A212203C700D4FAB2 /* Build configuration list for PBXNativeTarget "Simple SudokuUITests" */ = {
			isa = XCConfigurationList;
			buildConfigurations = (
				4F4F649B212203C700D4FAB2 /* Debug */,
				4F4F649C212203C700D4FAB2 /* Release */,
			);
			defaultConfigurationIsVisible = 0;
			defaultConfigurationName = Release;
		};
/* End XCConfigurationList section */

/* Begin XCVersionGroup section */
		4F4F6473212203BC00D4FAB2 /* Simple_Sudoku.xcdatamodeld */ = {
			isa = XCVersionGroup;
			children = (
				4F4F6474212203BC00D4FAB2 /* Simple_Sudoku.xcdatamodel */,
			);
			currentVersion = 4F4F6474212203BC00D4FAB2 /* Simple_Sudoku.xcdatamodel */;
			path = Simple_Sudoku.xcdatamodeld;
			sourceTree = "<group>";
			versionGroupType = wrapper.xcdatamodel;
		};
/* End XCVersionGroup section */
	};
	rootObject = 4F4F6461212203BC00D4FAB2 /* Project object */;
}
